
Microsoft Visual Studio Solution File, Format Version 12.00
# Visual Studio Version 17
VisualStudioVersion = 17.5.002.0
MinimumVisualStudioVersion = 10.0.40219.1
Project("{2150E333-8FDC-42A3-9474-1A3956D46DE8}") = "csharp-prep", "csharp-prep", "{96759948-3F4F-4D0C-8368-BFD521A6DD96}"
EndProject
Project("{9A19103F-16F7-4668-BE54-9A1E7A4F7556}") = "Prep1", "csharp-prep\Prep1\Prep1.csproj", "{27DFC195-6190-428E-859A-6F2B0DB07C5D}"
EndProject
Project("{9A19103F-16F7-4668-BE54-9A1E7A4F7556}") = "Prep2", "csharp-prep\Prep2\Prep2.csproj", "{BFF063F8-A6C0-42CA-BC44-A09001C91D21}"
EndProject
Project("{9A19103F-16F7-4668-BE54-9A1E7A4F7556}") = "Prep3", "csharp-prep\Prep3\Prep3.csproj", "{D7552185-CFC9-4F03-B0D8-31470AEFCA6A}"
EndProject
Project("{9A19103F-16F7-4668-BE54-9A1E7A4F7556}") = "Prep4", "csharp-prep\Prep4\Prep4.csproj", "{F4CB7A78-18CD-4466-A559-296D1F25BBE2}"
EndProject
Project("{9A19103F-16F7-4668-BE54-9A1E7A4F7556}") = "Prep5", "csharp-prep\Prep5\Prep5.csproj", "{87E813DF-06A2-490F-905B-88DD090C1AB4}"
EndProject
Project("{2150E333-8FDC-42A3-9474-1A3956D46DE8}") = "final", "final", "{7DADB295-31DE-489D-A9A3-476E6A4BBEA1}"
EndProject
Project("{9A19103F-16F7-4668-BE54-9A1E7A4F7556}") = "FinalProject", "final\FinalProject\FinalProject.csproj", "{DA349F53-82E9-4D7E-A7F9-BAEF0F311905}"
EndProject
Project("{9A19103F-16F7-4668-BE54-9A1E7A4F7556}") = "Foundation1", "final\Foundation1\Foundation1.csproj", "{C14488D8-A34F-44EA-9AAF-3855BE314B66}"
EndProject
Project("{9A19103F-16F7-4668-BE54-9A1E7A4F7556}") = "Foundation2", "final\Foundation2\Foundation2.csproj", "{07AA40A2-E3F0-4777-B221-F1D3CD92C830}"
EndProject
Project("{9A19103F-16F7-4668-BE54-9A1E7A4F7556}") = "Foundation3", "final\Foundation3\Foundation3.csproj", "{154ECABD-0356-4BCD-9AD4-6FA61F1E88B7}"
EndProject
Project("{9A19103F-16F7-4668-BE54-9A1E7A4F7556}") = "Foundation4", "final\Foundation4\Foundation4.csproj", "{96250F21-EEA3-429F-BAD7-5302226F9583}"
EndProject
Project("{2150E333-8FDC-42A3-9474-1A3956D46DE8}") = "prepare", "prepare", "{66E4A4D8-F5F8-44DF-8071-963521418FC7}"
EndProject
Project("{9A19103F-16F7-4668-BE54-9A1E7A4F7556}") = "Learning02", "prepare\Learning02\Learning02.csproj", "{BA2934B9-C9C5-43B7-A256-DCDAEDDD4586}"
EndProject
Project("{9A19103F-16F7-4668-BE54-9A1E7A4F7556}") = "Learning03", "prepare\Learning03\Learning03.csproj", "{37480364-ED6D-4409-8B20-8FDF58CC279B}"
EndProject
Project("{9A19103F-16F7-4668-BE54-9A1E7A4F7556}") = "Learning04", "prepare\Learning04\Learning04.csproj", "{38B85972-3664-4C9B-A031-04D83D67047F}"
EndProject
Project("{9A19103F-16F7-4668-BE54-9A1E7A4F7556}") = "Learning05", "prepare\Learning05\Learning05.csproj", "{A0917B2A-A2F9-4AD4-B957-B5818D24ABC1}"
EndProject
Project("{2150E333-8FDC-42A3-9474-1A3956D46DE8}") = "prove", "prove", "{9C70FD48-E09F-47D0-A483-0706BF7EEF70}"
EndProject
Project("{9A19103F-16F7-4668-BE54-9A1E7A4F7556}") = "Develop02", "prove\Develop02\Develop02.csproj", "{CF51C289-407C-451B-A064-E4C01DA84ABE}"
EndProject
Project("{9A19103F-16F7-4668-BE54-9A1E7A4F7556}") = "Develop03", "prove\Develop03\Develop03.csproj", "{A720D90C-7057-4634-9339-441FEB1696E6}"
EndProject
Project("{9A19103F-16F7-4668-BE54-9A1E7A4F7556}") = "Develop04", "prove\Develop04\Develop04.csproj", "{4B41F232-6590-4B96-AD98-966CF15AC06C}"
EndProject
Project("{9A19103F-16F7-4668-BE54-9A1E7A4F7556}") = "Develop05", "prove\Develop05\Develop05.csproj", "{0F380478-2F84-4EE6-9559-9AD1F00402E5}"
EndProject
Project("{2150E333-8FDC-42A3-9474-1A3956D46DE8}") = "sandbox", "sandbox", "{62393403-63B2-4C54-A11B-6466C0979F31}"
EndProject
Project("{9A19103F-16F7-4668-BE54-9A1E7A4F7556}") = "Sandbox", "sandbox\Sandbox\Sandbox.csproj", "{CD880001-0149-4671-97F6-8843A23FEFE3}"
EndProject
Global
	GlobalSection(SolutionConfigurationPlatforms) = preSolution
		Debug|Any CPU = Debug|Any CPU
		Release|Any CPU = Release|Any CPU
	EndGlobalSection
	GlobalSection(ProjectConfigurationPlatforms) = postSolution
		{27DFC195-6190-428E-859A-6F2B0DB07C5D}.Debug|Any CPU.ActiveCfg = Debug|Any CPU
		{27DFC195-6190-428E-859A-6F2B0DB07C5D}.Debug|Any CPU.Build.0 = Debug|Any CPU
		{27DFC195-6190-428E-859A-6F2B0DB07C5D}.Release|Any CPU.ActiveCfg = Release|Any CPU
		{27DFC195-6190-428E-859A-6F2B0DB07C5D}.Release|Any CPU.Build.0 = Release|Any CPU
		{BFF063F8-A6C0-42CA-BC44-A09001C91D21}.Debug|Any CPU.ActiveCfg = Debug|Any CPU
		{BFF063F8-A6C0-42CA-BC44-A09001C91D21}.Debug|Any CPU.Build.0 = Debug|Any CPU
		{BFF063F8-A6C0-42CA-BC44-A09001C91D21}.Release|Any CPU.ActiveCfg = Release|Any CPU
		{BFF063F8-A6C0-42CA-BC44-A09001C91D21}.Release|Any CPU.Build.0 = Release|Any CPU
		{D7552185-CFC9-4F03-B0D8-31470AEFCA6A}.Debug|Any CPU.ActiveCfg = Debug|Any CPU
		{D7552185-CFC9-4F03-B0D8-31470AEFCA6A}.Debug|Any CPU.Build.0 = Debug|Any CPU
		{D7552185-CFC9-4F03-B0D8-31470AEFCA6A}.Release|Any CPU.ActiveCfg = Release|Any CPU
		{D7552185-CFC9-4F03-B0D8-31470AEFCA6A}.Release|Any CPU.Build.0 = Release|Any CPU
		{F4CB7A78-18CD-4466-A559-296D1F25BBE2}.Debug|Any CPU.ActiveCfg = Debug|Any CPU
		{F4CB7A78-18CD-4466-A559-296D1F25BBE2}.Debug|Any CPU.Build.0 = Debug|Any CPU
		{F4CB7A78-18CD-4466-A559-296D1F25BBE2}.Release|Any CPU.ActiveCfg = Release|Any CPU
		{F4CB7A78-18CD-4466-A559-296D1F25BBE2}.Release|Any CPU.Build.0 = Release|Any CPU
		{87E813DF-06A2-490F-905B-88DD090C1AB4}.Debug|Any CPU.ActiveCfg = Debug|Any CPU
		{87E813DF-06A2-490F-905B-88DD090C1AB4}.Debug|Any CPU.Build.0 = Debug|Any CPU
		{87E813DF-06A2-490F-905B-88DD090C1AB4}.Release|Any CPU.ActiveCfg = Release|Any CPU
		{87E813DF-06A2-490F-905B-88DD090C1AB4}.Release|Any CPU.Build.0 = Release|Any CPU
		{DA349F53-82E9-4D7E-A7F9-BAEF0F311905}.Debug|Any CPU.ActiveCfg = Debug|Any CPU
		{DA349F53-82E9-4D7E-A7F9-BAEF0F311905}.Debug|Any CPU.Build.0 = Debug|Any CPU
		{DA349F53-82E9-4D7E-A7F9-BAEF0F311905}.Release|Any CPU.ActiveCfg = Release|Any CPU
		{DA349F53-82E9-4D7E-A7F9-BAEF0F311905}.Release|Any CPU.Build.0 = Release|Any CPU
		{C14488D8-A34F-44EA-9AAF-3855BE314B66}.Debug|Any CPU.ActiveCfg = Debug|Any CPU
		{C14488D8-A34F-44EA-9AAF-3855BE314B66}.Debug|Any CPU.Build.0 = Debug|Any CPU
		{C14488D8-A34F-44EA-9AAF-3855BE314B66}.Release|Any CPU.ActiveCfg = Release|Any CPU
		{C14488D8-A34F-44EA-9AAF-3855BE314B66}.Release|Any CPU.Build.0 = Release|Any CPU
		{07AA40A2-E3F0-4777-B221-F1D3CD92C830}.Debug|Any CPU.ActiveCfg = Debug|Any CPU
		{07AA40A2-E3F0-4777-B221-F1D3CD92C830}.Debug|Any CPU.Build.0 = Debug|Any CPU
		{07AA40A2-E3F0-4777-B221-F1D3CD92C830}.Release|Any CPU.ActiveCfg = Release|Any CPU
		{07AA40A2-E3F0-4777-B221-F1D3CD92C830}.Release|Any CPU.Build.0 = Release|Any CPU
		{154ECABD-0356-4BCD-9AD4-6FA61F1E88B7}.Debug|Any CPU.ActiveCfg = Debug|Any CPU
		{154ECABD-0356-4BCD-9AD4-6FA61F1E88B7}.Debug|Any CPU.Build.0 = Debug|Any CPU
		{154ECABD-0356-4BCD-9AD4-6FA61F1E88B7}.Release|Any CPU.ActiveCfg = Release|Any CPU
		{154ECABD-0356-4BCD-9AD4-6FA61F1E88B7}.Release|Any CPU.Build.0 = Release|Any CPU
		{96250F21-EEA3-429F-BAD7-5302226F9583}.Debug|Any CPU.ActiveCfg = Debug|Any CPU
		{96250F21-EEA3-429F-BAD7-5302226F9583}.Debug|Any CPU.Build.0 = Debug|Any CPU
		{96250F21-EEA3-429F-BAD7-5302226F9583}.Release|Any CPU.ActiveCfg = Release|Any CPU
		{96250F21-EEA3-429F-BAD7-5302226F9583}.Release|Any CPU.Build.0 = Release|Any CPU
		{BA2934B9-C9C5-43B7-A256-DCDAEDDD4586}.Debug|Any CPU.ActiveCfg = Debug|Any CPU
		{BA2934B9-C9C5-43B7-A256-DCDAEDDD4586}.Debug|Any CPU.Build.0 = Debug|Any CPU
		{BA2934B9-C9C5-43B7-A256-DCDAEDDD4586}.Release|Any CPU.ActiveCfg = Release|Any CPU
		{BA2934B9-C9C5-43B7-A256-DCDAEDDD4586}.Release|Any CPU.Build.0 = Release|Any CPU
		{37480364-ED6D-4409-8B20-8FDF58CC279B}.Debug|Any CPU.ActiveCfg = Debug|Any CPU
		{37480364-ED6D-4409-8B20-8FDF58CC279B}.Debug|Any CPU.Build.0 = Debug|Any CPU
		{37480364-ED6D-4409-8B20-8FDF58CC279B}.Release|Any CPU.ActiveCfg = Release|Any CPU
		{37480364-ED6D-4409-8B20-8FDF58CC279B}.Release|Any CPU.Build.0 = Release|Any CPU
		{38B85972-3664-4C9B-A031-04D83D67047F}.Debug|Any CPU.ActiveCfg = Debug|Any CPU
		{38B85972-3664-4C9B-A031-04D83D67047F}.Debug|Any CPU.Build.0 = Debug|Any CPU
		{38B85972-3664-4C9B-A031-04D83D67047F}.Release|Any CPU.ActiveCfg = Release|Any CPU
		{38B85972-3664-4C9B-A031-04D83D67047F}.Release|Any CPU.Build.0 = Release|Any CPU
		{A0917B2A-A2F9-4AD4-B957-B5818D24ABC1}.Debug|Any CPU.ActiveCfg = Debug|Any CPU
		{A0917B2A-A2F9-4AD4-B957-B5818D24ABC1}.Debug|Any CPU.Build.0 = Debug|Any CPU
		{A0917B2A-A2F9-4AD4-B957-B5818D24ABC1}.Release|Any CPU.ActiveCfg = Release|Any CPU
		{A0917B2A-A2F9-4AD4-B957-B5818D24ABC1}.Release|Any CPU.Build.0 = Release|Any CPU
		{CF51C289-407C-451B-A064-E4C01DA84ABE}.Debug|Any CPU.ActiveCfg = Debug|Any CPU
		{CF51C289-407C-451B-A064-E4C01DA84ABE}.Debug|Any CPU.Build.0 = Debug|Any CPU
		{CF51C289-407C-451B-A064-E4C01DA84ABE}.Release|Any CPU.ActiveCfg = Release|Any CPU
		{CF51C289-407C-451B-A064-E4C01DA84ABE}.Release|Any CPU.Build.0 = Release|Any CPU
		{A720D90C-7057-4634-9339-441FEB1696E6}.Debug|Any CPU.ActiveCfg = Debug|Any CPU
		{A720D90C-7057-4634-9339-441FEB1696E6}.Debug|Any CPU.Build.0 = Debug|Any CPU
		{A720D90C-7057-4634-9339-441FEB1696E6}.Release|Any CPU.ActiveCfg = Release|Any CPU
		{A720D90C-7057-4634-9339-441FEB1696E6}.Release|Any CPU.Build.0 = Release|Any CPU
		{4B41F232-6590-4B96-AD98-966CF15AC06C}.Debug|Any CPU.ActiveCfg = Debug|Any CPU
		{4B41F232-6590-4B96-AD98-966CF15AC06C}.Debug|Any CPU.Build.0 = Debug|Any CPU
		{4B41F232-6590-4B96-AD98-966CF15AC06C}.Release|Any CPU.ActiveCfg = Release|Any CPU
		{4B41F232-6590-4B96-AD98-966CF15AC06C}.Release|Any CPU.Build.0 = Release|Any CPU
		{0F380478-2F84-4EE6-9559-9AD1F00402E5}.Debug|Any CPU.ActiveCfg = Debug|Any CPU
		{0F380478-2F84-4EE6-9559-9AD1F00402E5}.Debug|Any CPU.Build.0 = Debug|Any CPU
		{0F380478-2F84-4EE6-9559-9AD1F00402E5}.Release|Any CPU.ActiveCfg = Release|Any CPU
		{0F380478-2F84-4EE6-9559-9AD1F00402E5}.Release|Any CPU.Build.0 = Release|Any CPU
		{CD880001-0149-4671-97F6-8843A23FEFE3}.Debug|Any CPU.ActiveCfg = Debug|Any CPU
		{CD880001-0149-4671-97F6-8843A23FEFE3}.Debug|Any CPU.Build.0 = Debug|Any CPU
		{CD880001-0149-4671-97F6-8843A23FEFE3}.Release|Any CPU.ActiveCfg = Release|Any CPU
		{CD880001-0149-4671-97F6-8843A23FEFE3}.Release|Any CPU.Build.0 = Release|Any CPU
	EndGlobalSection
	GlobalSection(SolutionProperties) = preSolution
		HideSolutionNode = FALSE
	EndGlobalSection
	GlobalSection(NestedProjects) = preSolution
		{27DFC195-6190-428E-859A-6F2B0DB07C5D} = {96759948-3F4F-4D0C-8368-BFD521A6DD96}
		{BFF063F8-A6C0-42CA-BC44-A09001C91D21} = {96759948-3F4F-4D0C-8368-BFD521A6DD96}
		{D7552185-CFC9-4F03-B0D8-31470AEFCA6A} = {96759948-3F4F-4D0C-8368-BFD521A6DD96}
		{F4CB7A78-18CD-4466-A559-296D1F25BBE2} = {96759948-3F4F-4D0C-8368-BFD521A6DD96}
		{87E813DF-06A2-490F-905B-88DD090C1AB4} = {96759948-3F4F-4D0C-8368-BFD521A6DD96}
		{DA349F53-82E9-4D7E-A7F9-BAEF0F311905} = {7DADB295-31DE-489D-A9A3-476E6A4BBEA1}
		{C14488D8-A34F-44EA-9AAF-3855BE314B66} = {7DADB295-31DE-489D-A9A3-476E6A4BBEA1}
		{07AA40A2-E3F0-4777-B221-F1D3CD92C830} = {7DADB295-31DE-489D-A9A3-476E6A4BBEA1}
		{154ECABD-0356-4BCD-9AD4-6FA61F1E88B7} = {7DADB295-31DE-489D-A9A3-476E6A4BBEA1}
		{96250F21-EEA3-429F-BAD7-5302226F9583} = {7DADB295-31DE-489D-A9A3-476E6A4BBEA1}
		{BA2934B9-C9C5-43B7-A256-DCDAEDDD4586} = {66E4A4D8-F5F8-44DF-8071-963521418FC7}
		{37480364-ED6D-4409-8B20-8FDF58CC279B} = {66E4A4D8-F5F8-44DF-8071-963521418FC7}
		{38B85972-3664-4C9B-A031-04D83D67047F} = {66E4A4D8-F5F8-44DF-8071-963521418FC7}
		{A0917B2A-A2F9-4AD4-B957-B5818D24ABC1} = {66E4A4D8-F5F8-44DF-8071-963521418FC7}
		{CF51C289-407C-451B-A064-E4C01DA84ABE} = {9C70FD48-E09F-47D0-A483-0706BF7EEF70}
		{A720D90C-7057-4634-9339-441FEB1696E6} = {9C70FD48-E09F-47D0-A483-0706BF7EEF70}
		{4B41F232-6590-4B96-AD98-966CF15AC06C} = {9C70FD48-E09F-47D0-A483-0706BF7EEF70}
		{0F380478-2F84-4EE6-9559-9AD1F00402E5} = {9C70FD48-E09F-47D0-A483-0706BF7EEF70}
		{CD880001-0149-4671-97F6-8843A23FEFE3} = {62393403-63B2-4C54-A11B-6466C0979F31}
	EndGlobalSection
	GlobalSection(ExtensibilityGlobals) = postSolution
		SolutionGuid = {2B525EA0-F2F8-4394-A80C-E82419B1D388}
	EndGlobalSection
EndGlobal
